// !$*UTF8*$!
{
	archiveVersion = 1;
	classes = {
	};
	objectVersion = 50;
	objects = {

/* Begin PBXBuildFile section */
		2106822920A3C59E00E18DB1 /* AppDelegate.swift in Sources */ = {isa = PBXBuildFile; fileRef = 2106822820A3C59E00E18DB1 /* AppDelegate.swift */; };
		2106822E20A3C59E00E18DB1 /* Main.storyboard in Resources */ = {isa = PBXBuildFile; fileRef = 2106822C20A3C59E00E18DB1 /* Main.storyboard */; };
		2106823020A3C59F00E18DB1 /* Assets.xcassets in Resources */ = {isa = PBXBuildFile; fileRef = 2106822F20A3C59F00E18DB1 /* Assets.xcassets */; };
		2106823320A3C59F00E18DB1 /* LaunchScreen.storyboard in Resources */ = {isa = PBXBuildFile; fileRef = 2106823120A3C59F00E18DB1 /* LaunchScreen.storyboard */; };
		2106823E20A3C59F00E18DB1 /* RegisterPatternDemoTests.swift in Sources */ = {isa = PBXBuildFile; fileRef = 2106823D20A3C59F00E18DB1 /* RegisterPatternDemoTests.swift */; };
		2106824920A3C59F00E18DB1 /* RegisterPatternDemoUITests.swift in Sources */ = {isa = PBXBuildFile; fileRef = 2106824820A3C59F00E18DB1 /* RegisterPatternDemoUITests.swift */; };
		2106825720A3C67000E18DB1 /* MainViewController.swift in Sources */ = {isa = PBXBuildFile; fileRef = 2106825620A3C67000E18DB1 /* MainViewController.swift */; };
		2106825B20A3CA5C00E18DB1 /* stub1.json in Resources */ = {isa = PBXBuildFile; fileRef = 2106825A20A3CA5C00E18DB1 /* stub1.json */; };
		2106825C20A3CA5C00E18DB1 /* stub1.json in Resources */ = {isa = PBXBuildFile; fileRef = 2106825A20A3CA5C00E18DB1 /* stub1.json */; };
		2106825E20A3CC4300E18DB1 /* UITableView+Extensions.swift in Sources */ = {isa = PBXBuildFile; fileRef = 2106825D20A3CC4300E18DB1 /* UITableView+Extensions.swift */; };
		2106825F20A3CC4300E18DB1 /* UITableView+Extensions.swift in Sources */ = {isa = PBXBuildFile; fileRef = 2106825D20A3CC4300E18DB1 /* UITableView+Extensions.swift */; };
		2106826120A3CC7A00E18DB1 /* ArticleCell.swift in Sources */ = {isa = PBXBuildFile; fileRef = 2106826020A3CC7A00E18DB1 /* ArticleCell.swift */; };
		2106826220A3CC7A00E18DB1 /* ArticleCell.swift in Sources */ = {isa = PBXBuildFile; fileRef = 2106826020A3CC7A00E18DB1 /* ArticleCell.swift */; };
		2106826420A3CDC500E18DB1 /* ImageCell.swift in Sources */ = {isa = PBXBuildFile; fileRef = 2106826320A3CDC500E18DB1 /* ImageCell.swift */; };
		2106826520A3CDC500E18DB1 /* ImageCell.swift in Sources */ = {isa = PBXBuildFile; fileRef = 2106826320A3CDC500E18DB1 /* ImageCell.swift */; };
		2106826720A3CE9B00E18DB1 /* ColorBlockCell.swift in Sources */ = {isa = PBXBuildFile; fileRef = 2106826620A3CE9B00E18DB1 /* ColorBlockCell.swift */; };
		2106826820A3CE9B00E18DB1 /* ColorBlockCell.swift in Sources */ = {isa = PBXBuildFile; fileRef = 2106826620A3CE9B00E18DB1 /* ColorBlockCell.swift */; };
		2106826A20A3CFA600E18DB1 /* Article.swift in Sources */ = {isa = PBXBuildFile; fileRef = 2106826920A3CFA600E18DB1 /* Article.swift */; };
		2106826B20A3CFA600E18DB1 /* Article.swift in Sources */ = {isa = PBXBuildFile; fileRef = 2106826920A3CFA600E18DB1 /* Article.swift */; };
		2106826D20A3CFD400E18DB1 /* TypeAlias.swift in Sources */ = {isa = PBXBuildFile; fileRef = 2106826C20A3CFD400E18DB1 /* TypeAlias.swift */; };
		2106826E20A3CFD400E18DB1 /* TypeAlias.swift in Sources */ = {isa = PBXBuildFile; fileRef = 2106826C20A3CFD400E18DB1 /* TypeAlias.swift */; };
		2106827020A3D04C00E18DB1 /* Parsable.swift in Sources */ = {isa = PBXBuildFile; fileRef = 2106826F20A3D04C00E18DB1 /* Parsable.swift */; };
		2106827120A3D04C00E18DB1 /* Parsable.swift in Sources */ = {isa = PBXBuildFile; fileRef = 2106826F20A3D04C00E18DB1 /* Parsable.swift */; };
		2106827320A3D07800E18DB1 /* Image.swift in Sources */ = {isa = PBXBuildFile; fileRef = 2106827220A3D07800E18DB1 /* Image.swift */; };
		2106827420A3D07800E18DB1 /* Image.swift in Sources */ = {isa = PBXBuildFile; fileRef = 2106827220A3D07800E18DB1 /* Image.swift */; };
		2106827620A3D0D600E18DB1 /* ColorBlock.swift in Sources */ = {isa = PBXBuildFile; fileRef = 2106827520A3D0D600E18DB1 /* ColorBlock.swift */; };
		2106827720A3D0D600E18DB1 /* ColorBlock.swift in Sources */ = {isa = PBXBuildFile; fileRef = 2106827520A3D0D600E18DB1 /* ColorBlock.swift */; };
		2106827D20A3D1D800E18DB1 /* Ultils.swift in Sources */ = {isa = PBXBuildFile; fileRef = 2106827C20A3D1D800E18DB1 /* Ultils.swift */; };
		2106827E20A3D1D800E18DB1 /* Ultils.swift in Sources */ = {isa = PBXBuildFile; fileRef = 2106827C20A3D1D800E18DB1 /* Ultils.swift */; };
		2106828320A50C1700E18DB1 /* MainViewModel.swift in Sources */ = {isa = PBXBuildFile; fileRef = 2106828220A50C1700E18DB1 /* MainViewModel.swift */; };
		2106828420A50C1700E18DB1 /* MainViewModel.swift in Sources */ = {isa = PBXBuildFile; fileRef = 2106828220A50C1700E18DB1 /* MainViewModel.swift */; };
		21E5195320A8E766003D3659 /* ParserManager.swift in Sources */ = {isa = PBXBuildFile; fileRef = 21E5195220A8E766003D3659 /* ParserManager.swift */; };
		21E5195620A8F5E7003D3659 /* ParserManager.swift in Sources */ = {isa = PBXBuildFile; fileRef = 21E5195220A8E766003D3659 /* ParserManager.swift */; };
		21E5195820A8F81D003D3659 /* UIColor+HexInit.swift in Sources */ = {isa = PBXBuildFile; fileRef = 21E5195720A8F81D003D3659 /* UIColor+HexInit.swift */; };
		53335D090D056F65A665D7D9 /* Pods_RegisterPatternDemoUITests.framework in Frameworks */ = {isa = PBXBuildFile; fileRef = A9D500472F3323D5CDD94436 /* Pods_RegisterPatternDemoUITests.framework */; };
		565F6D1F4F6331B5AEE1F1EE /* Pods_RegisterPatternDemo.framework in Frameworks */ = {isa = PBXBuildFile; fileRef = 7B10AE1B4D517209BF0DC55B /* Pods_RegisterPatternDemo.framework */; };
		D639A946EB09F5ED536B68DC /* Pods_RegisterPatternDemoTests.framework in Frameworks */ = {isa = PBXBuildFile; fileRef = 0FD3D32DC7C4F0789375BF3E /* Pods_RegisterPatternDemoTests.framework */; };
/* End PBXBuildFile section */

/* Begin PBXContainerItemProxy section */
		2106823A20A3C59F00E18DB1 /* PBXContainerItemProxy */ = {
			isa = PBXContainerItemProxy;
			containerPortal = 2106821D20A3C59E00E18DB1 /* Project object */;
			proxyType = 1;
			remoteGlobalIDString = 2106822420A3C59E00E18DB1;
			remoteInfo = RegisterPatternDemo;
		};
		2106824520A3C59F00E18DB1 /* PBXContainerItemProxy */ = {
			isa = PBXContainerItemProxy;
			containerPortal = 2106821D20A3C59E00E18DB1 /* Project object */;
			proxyType = 1;
			remoteGlobalIDString = 2106822420A3C59E00E18DB1;
			remoteInfo = RegisterPatternDemo;
		};
/* End PBXContainerItemProxy section */

/* Begin PBXFileReference section */
		0FD3D32DC7C4F0789375BF3E /* Pods_RegisterPatternDemoTests.framework */ = {isa = PBXFileReference; explicitFileType = wrapper.framework; includeInIndex = 0; path = Pods_RegisterPatternDemoTests.framework; sourceTree = BUILT_PRODUCTS_DIR; };
		2106822520A3C59E00E18DB1 /* RegisterPatternDemo.app */ = {isa = PBXFileReference; explicitFileType = wrapper.application; includeInIndex = 0; path = RegisterPatternDemo.app; sourceTree = BUILT_PRODUCTS_DIR; };
		2106822820A3C59E00E18DB1 /* AppDelegate.swift */ = {isa = PBXFileReference; lastKnownFileType = sourcecode.swift; path = AppDelegate.swift; sourceTree = "<group>"; };
		2106822D20A3C59E00E18DB1 /* Base */ = {isa = PBXFileReference; lastKnownFileType = file.storyboard; name = Base; path = Base.lproj/Main.storyboard; sourceTree = "<group>"; };
		2106822F20A3C59F00E18DB1 /* Assets.xcassets */ = {isa = PBXFileReference; lastKnownFileType = folder.assetcatalog; path = Assets.xcassets; sourceTree = "<group>"; };
		2106823220A3C59F00E18DB1 /* Base */ = {isa = PBXFileReference; lastKnownFileType = file.storyboard; name = Base; path = Base.lproj/LaunchScreen.storyboard; sourceTree = "<group>"; };
		2106823420A3C59F00E18DB1 /* Info.plist */ = {isa = PBXFileReference; lastKnownFileType = text.plist.xml; path = Info.plist; sourceTree = "<group>"; };
		2106823920A3C59F00E18DB1 /* RegisterPatternDemoTests.xctest */ = {isa = PBXFileReference; explicitFileType = wrapper.cfbundle; includeInIndex = 0; path = RegisterPatternDemoTests.xctest; sourceTree = BUILT_PRODUCTS_DIR; };
		2106823D20A3C59F00E18DB1 /* RegisterPatternDemoTests.swift */ = {isa = PBXFileReference; lastKnownFileType = sourcecode.swift; path = RegisterPatternDemoTests.swift; sourceTree = "<group>"; };
		2106823F20A3C59F00E18DB1 /* Info.plist */ = {isa = PBXFileReference; lastKnownFileType = text.plist.xml; path = Info.plist; sourceTree = "<group>"; };
		2106824420A3C59F00E18DB1 /* RegisterPatternDemoUITests.xctest */ = {isa = PBXFileReference; explicitFileType = wrapper.cfbundle; includeInIndex = 0; path = RegisterPatternDemoUITests.xctest; sourceTree = BUILT_PRODUCTS_DIR; };
		2106824820A3C59F00E18DB1 /* RegisterPatternDemoUITests.swift */ = {isa = PBXFileReference; lastKnownFileType = sourcecode.swift; path = RegisterPatternDemoUITests.swift; sourceTree = "<group>"; };
		2106824A20A3C59F00E18DB1 /* Info.plist */ = {isa = PBXFileReference; lastKnownFileType = text.plist.xml; path = Info.plist; sourceTree = "<group>"; };
		2106825620A3C67000E18DB1 /* MainViewController.swift */ = {isa = PBXFileReference; lastKnownFileType = sourcecode.swift; path = MainViewController.swift; sourceTree = "<group>"; };
		2106825A20A3CA5C00E18DB1 /* stub1.json */ = {isa = PBXFileReference; fileEncoding = 4; lastKnownFileType = text.json; path = stub1.json; sourceTree = "<group>"; };
		2106825D20A3CC4300E18DB1 /* UITableView+Extensions.swift */ = {isa = PBXFileReference; lastKnownFileType = sourcecode.swift; path = "UITableView+Extensions.swift"; sourceTree = "<group>"; };
		2106826020A3CC7A00E18DB1 /* ArticleCell.swift */ = {isa = PBXFileReference; lastKnownFileType = sourcecode.swift; path = ArticleCell.swift; sourceTree = "<group>"; };
		2106826320A3CDC500E18DB1 /* ImageCell.swift */ = {isa = PBXFileReference; lastKnownFileType = sourcecode.swift; path = ImageCell.swift; sourceTree = "<group>"; };
		2106826620A3CE9B00E18DB1 /* ColorBlockCell.swift */ = {isa = PBXFileReference; lastKnownFileType = sourcecode.swift; path = ColorBlockCell.swift; sourceTree = "<group>"; };
		2106826920A3CFA600E18DB1 /* Article.swift */ = {isa = PBXFileReference; lastKnownFileType = sourcecode.swift; path = Article.swift; sourceTree = "<group>"; };
		2106826C20A3CFD400E18DB1 /* TypeAlias.swift */ = {isa = PBXFileReference; lastKnownFileType = sourcecode.swift; path = TypeAlias.swift; sourceTree = "<group>"; };
		2106826F20A3D04C00E18DB1 /* Parsable.swift */ = {isa = PBXFileReference; lastKnownFileType = sourcecode.swift; path = Parsable.swift; sourceTree = "<group>"; };
		2106827220A3D07800E18DB1 /* Image.swift */ = {isa = PBXFileReference; lastKnownFileType = sourcecode.swift; path = Image.swift; sourceTree = "<group>"; };
		2106827520A3D0D600E18DB1 /* ColorBlock.swift */ = {isa = PBXFileReference; lastKnownFileType = sourcecode.swift; path = ColorBlock.swift; sourceTree = "<group>"; };
		2106827C20A3D1D800E18DB1 /* Ultils.swift */ = {isa = PBXFileReference; lastKnownFileType = sourcecode.swift; path = Ultils.swift; sourceTree = "<group>"; };
		2106828220A50C1700E18DB1 /* MainViewModel.swift */ = {isa = PBXFileReference; lastKnownFileType = sourcecode.swift; path = MainViewModel.swift; sourceTree = "<group>"; };
		21E5195220A8E766003D3659 /* ParserManager.swift */ = {isa = PBXFileReference; lastKnownFileType = sourcecode.swift; path = ParserManager.swift; sourceTree = "<group>"; };
		21E5195720A8F81D003D3659 /* UIColor+HexInit.swift */ = {isa = PBXFileReference; lastKnownFileType = sourcecode.swift; path = "UIColor+HexInit.swift"; sourceTree = "<group>"; };
		40BEF5CED8B73E2F3688ECEC /* Pods-RegisterPatternDemoTests.release.xcconfig */ = {isa = PBXFileReference; includeInIndex = 1; lastKnownFileType = text.xcconfig; name = "Pods-RegisterPatternDemoTests.release.xcconfig"; path = "Pods/Target Support Files/Pods-RegisterPatternDemoTests/Pods-RegisterPatternDemoTests.release.xcconfig"; sourceTree = "<group>"; };
		7B10AE1B4D517209BF0DC55B /* Pods_RegisterPatternDemo.framework */ = {isa = PBXFileReference; explicitFileType = wrapper.framework; includeInIndex = 0; path = Pods_RegisterPatternDemo.framework; sourceTree = BUILT_PRODUCTS_DIR; };
		8AD040D1D06F073CCB2222B7 /* Pods-RegisterPatternDemoUITests.debug.xcconfig */ = {isa = PBXFileReference; includeInIndex = 1; lastKnownFileType = text.xcconfig; name = "Pods-RegisterPatternDemoUITests.debug.xcconfig"; path = "Pods/Target Support Files/Pods-RegisterPatternDemoUITests/Pods-RegisterPatternDemoUITests.debug.xcconfig"; sourceTree = "<group>"; };
		A9D500472F3323D5CDD94436 /* Pods_RegisterPatternDemoUITests.framework */ = {isa = PBXFileReference; explicitFileType = wrapper.framework; includeInIndex = 0; path = Pods_RegisterPatternDemoUITests.framework; sourceTree = BUILT_PRODUCTS_DIR; };
		C9538709951B835B48F1E5CC /* Pods-RegisterPatternDemo.release.xcconfig */ = {isa = PBXFileReference; includeInIndex = 1; lastKnownFileType = text.xcconfig; name = "Pods-RegisterPatternDemo.release.xcconfig"; path = "Pods/Target Support Files/Pods-RegisterPatternDemo/Pods-RegisterPatternDemo.release.xcconfig"; sourceTree = "<group>"; };
		DAA0559A6765DB333E31C134 /* Pods-RegisterPatternDemo.debug.xcconfig */ = {isa = PBXFileReference; includeInIndex = 1; lastKnownFileType = text.xcconfig; name = "Pods-RegisterPatternDemo.debug.xcconfig"; path = "Pods/Target Support Files/Pods-RegisterPatternDemo/Pods-RegisterPatternDemo.debug.xcconfig"; sourceTree = "<group>"; };
		E083FE576318836D87FCABC8 /* Pods-RegisterPatternDemoUITests.release.xcconfig */ = {isa = PBXFileReference; includeInIndex = 1; lastKnownFileType = text.xcconfig; name = "Pods-RegisterPatternDemoUITests.release.xcconfig"; path = "Pods/Target Support Files/Pods-RegisterPatternDemoUITests/Pods-RegisterPatternDemoUITests.release.xcconfig"; sourceTree = "<group>"; };
		ED56084ED28A3C9F1513FB59 /* Pods-RegisterPatternDemoTests.debug.xcconfig */ = {isa = PBXFileReference; includeInIndex = 1; lastKnownFileType = text.xcconfig; name = "Pods-RegisterPatternDemoTests.debug.xcconfig"; path = "Pods/Target Support Files/Pods-RegisterPatternDemoTests/Pods-RegisterPatternDemoTests.debug.xcconfig"; sourceTree = "<group>"; };
/* End PBXFileReference section */

/* Begin PBXFrameworksBuildPhase section */
		2106822220A3C59E00E18DB1 /* Frameworks */ = {
			isa = PBXFrameworksBuildPhase;
			buildActionMask = 2147483647;
			files = (
				565F6D1F4F6331B5AEE1F1EE /* Pods_RegisterPatternDemo.framework in Frameworks */,
			);
			runOnlyForDeploymentPostprocessing = 0;
		};
		2106823620A3C59F00E18DB1 /* Frameworks */ = {
			isa = PBXFrameworksBuildPhase;
			buildActionMask = 2147483647;
			files = (
				D639A946EB09F5ED536B68DC /* Pods_RegisterPatternDemoTests.framework in Frameworks */,
			);
			runOnlyForDeploymentPostprocessing = 0;
		};
		2106824120A3C59F00E18DB1 /* Frameworks */ = {
			isa = PBXFrameworksBuildPhase;
			buildActionMask = 2147483647;
			files = (
				53335D090D056F65A665D7D9 /* Pods_RegisterPatternDemoUITests.framework in Frameworks */,
			);
			runOnlyForDeploymentPostprocessing = 0;
		};
/* End PBXFrameworksBuildPhase section */

/* Begin PBXGroup section */
		2106821C20A3C59E00E18DB1 = {
			isa = PBXGroup;
			children = (
				2106822720A3C59E00E18DB1 /* RegisterPatternDemo */,
				2106823C20A3C59F00E18DB1 /* RegisterPatternDemoTests */,
				2106824720A3C59F00E18DB1 /* RegisterPatternDemoUITests */,
				2106822620A3C59E00E18DB1 /* Products */,
				B14856774F0383DD6ECA3E96 /* Pods */,
				9ED2EEDF1F91EA38F2F6CE2F /* Frameworks */,
			);
			sourceTree = "<group>";
		};
		2106822620A3C59E00E18DB1 /* Products */ = {
			isa = PBXGroup;
			children = (
				2106822520A3C59E00E18DB1 /* RegisterPatternDemo.app */,
				2106823920A3C59F00E18DB1 /* RegisterPatternDemoTests.xctest */,
				2106824420A3C59F00E18DB1 /* RegisterPatternDemoUITests.xctest */,
			);
			name = Products;
			sourceTree = "<group>";
		};
		2106822720A3C59E00E18DB1 /* RegisterPatternDemo */ = {
			isa = PBXGroup;
			children = (
				2106827B20A3D17B00E18DB1 /* Views */,
				2106827A20A3D16E00E18DB1 /* Controllers */,
				2106827920A3D15300E18DB1 /* Extensions */,
				2106827820A3D11F00E18DB1 /* Models */,
				2106825820A3C72400E18DB1 /* Resources */,
				2106822820A3C59E00E18DB1 /* AppDelegate.swift */,
				2106822C20A3C59E00E18DB1 /* Main.storyboard */,
				2106822F20A3C59F00E18DB1 /* Assets.xcassets */,
				2106823120A3C59F00E18DB1 /* LaunchScreen.storyboard */,
				2106823420A3C59F00E18DB1 /* Info.plist */,
				2106826C20A3CFD400E18DB1 /* TypeAlias.swift */,
				2106826F20A3D04C00E18DB1 /* Parsable.swift */,
				2106828220A50C1700E18DB1 /* MainViewModel.swift */,
				21E5195220A8E766003D3659 /* ParserManager.swift */,
			);
			path = RegisterPatternDemo;
			sourceTree = "<group>";
		};
		2106823C20A3C59F00E18DB1 /* RegisterPatternDemoTests */ = {
			isa = PBXGroup;
			children = (
				2106823D20A3C59F00E18DB1 /* RegisterPatternDemoTests.swift */,
				2106823F20A3C59F00E18DB1 /* Info.plist */,
			);
			path = RegisterPatternDemoTests;
			sourceTree = "<group>";
		};
		2106824720A3C59F00E18DB1 /* RegisterPatternDemoUITests */ = {
			isa = PBXGroup;
			children = (
				2106824820A3C59F00E18DB1 /* RegisterPatternDemoUITests.swift */,
				2106824A20A3C59F00E18DB1 /* Info.plist */,
			);
			path = RegisterPatternDemoUITests;
			sourceTree = "<group>";
		};
		2106825820A3C72400E18DB1 /* Resources */ = {
			isa = PBXGroup;
			children = (
				2106825920A3C73300E18DB1 /* Stubs */,
			);
			path = Resources;
			sourceTree = "<group>";
		};
		2106825920A3C73300E18DB1 /* Stubs */ = {
			isa = PBXGroup;
			children = (
				2106825A20A3CA5C00E18DB1 /* stub1.json */,
			);
			path = Stubs;
			sourceTree = "<group>";
		};
		2106827820A3D11F00E18DB1 /* Models */ = {
			isa = PBXGroup;
			children = (
				2106827520A3D0D600E18DB1 /* ColorBlock.swift */,
				2106826920A3CFA600E18DB1 /* Article.swift */,
				2106827220A3D07800E18DB1 /* Image.swift */,
			);
			path = Models;
			sourceTree = "<group>";
		};
		2106827920A3D15300E18DB1 /* Extensions */ = {
			isa = PBXGroup;
			children = (
				2106825D20A3CC4300E18DB1 /* UITableView+Extensions.swift */,
				2106827C20A3D1D800E18DB1 /* Ultils.swift */,
				21E5195720A8F81D003D3659 /* UIColor+HexInit.swift */,
			);
			path = Extensions;
			sourceTree = "<group>";
		};
		2106827A20A3D16E00E18DB1 /* Controllers */ = {
			isa = PBXGroup;
			children = (
				2106825620A3C67000E18DB1 /* MainViewController.swift */,
			);
			path = Controllers;
			sourceTree = "<group>";
		};
		2106827B20A3D17B00E18DB1 /* Views */ = {
			isa = PBXGroup;
			children = (
				2106826020A3CC7A00E18DB1 /* ArticleCell.swift */,
				2106826320A3CDC500E18DB1 /* ImageCell.swift */,
				2106826620A3CE9B00E18DB1 /* ColorBlockCell.swift */,
			);
			path = Views;
			sourceTree = "<group>";
		};
		9ED2EEDF1F91EA38F2F6CE2F /* Frameworks */ = {
			isa = PBXGroup;
			children = (
				7B10AE1B4D517209BF0DC55B /* Pods_RegisterPatternDemo.framework */,
				0FD3D32DC7C4F0789375BF3E /* Pods_RegisterPatternDemoTests.framework */,
				A9D500472F3323D5CDD94436 /* Pods_RegisterPatternDemoUITests.framework */,
			);
			name = Frameworks;
			sourceTree = "<group>";
		};
		B14856774F0383DD6ECA3E96 /* Pods */ = {
			isa = PBXGroup;
			children = (
				DAA0559A6765DB333E31C134 /* Pods-RegisterPatternDemo.debug.xcconfig */,
				C9538709951B835B48F1E5CC /* Pods-RegisterPatternDemo.release.xcconfig */,
				ED56084ED28A3C9F1513FB59 /* Pods-RegisterPatternDemoTests.debug.xcconfig */,
				40BEF5CED8B73E2F3688ECEC /* Pods-RegisterPatternDemoTests.release.xcconfig */,
				8AD040D1D06F073CCB2222B7 /* Pods-RegisterPatternDemoUITests.debug.xcconfig */,
				E083FE576318836D87FCABC8 /* Pods-RegisterPatternDemoUITests.release.xcconfig */,
			);
			name = Pods;
			sourceTree = "<group>";
		};
/* End PBXGroup section */

/* Begin PBXNativeTarget section */
		2106822420A3C59E00E18DB1 /* RegisterPatternDemo */ = {
			isa = PBXNativeTarget;
			buildConfigurationList = 2106824D20A3C59F00E18DB1 /* Build configuration list for PBXNativeTarget "RegisterPatternDemo" */;
			buildPhases = (
				F92F1AF30FB742C2874232C5 /* [CP] Check Pods Manifest.lock */,
				2106822120A3C59E00E18DB1 /* Sources */,
				2106822220A3C59E00E18DB1 /* Frameworks */,
				2106822320A3C59E00E18DB1 /* Resources */,
				00F01A09F0AB921993DCC195 /* [CP] Embed Pods Frameworks */,
				086AAB7E9E147835105DE4F5 /* [CP] Copy Pods Resources */,
			);
			buildRules = (
			);
			dependencies = (
			);
			name = RegisterPatternDemo;
			productName = RegisterPatternDemo;
			productReference = 2106822520A3C59E00E18DB1 /* RegisterPatternDemo.app */;
			productType = "com.apple.product-type.application";
		};
		2106823820A3C59F00E18DB1 /* RegisterPatternDemoTests */ = {
			isa = PBXNativeTarget;
			buildConfigurationList = 2106825020A3C59F00E18DB1 /* Build configuration list for PBXNativeTarget "RegisterPatternDemoTests" */;
			buildPhases = (
				3846093AFDFC663951552765 /* [CP] Check Pods Manifest.lock */,
				2106823520A3C59F00E18DB1 /* Sources */,
				2106823620A3C59F00E18DB1 /* Frameworks */,
				2106823720A3C59F00E18DB1 /* Resources */,
				654AA758C7CE18A4D3FA6972 /* [CP] Embed Pods Frameworks */,
				DB0F68AAAB96E978A24C4FDA /* [CP] Copy Pods Resources */,
			);
			buildRules = (
			);
			dependencies = (
				2106823B20A3C59F00E18DB1 /* PBXTargetDependency */,
			);
			name = RegisterPatternDemoTests;
			productName = RegisterPatternDemoTests;
			productReference = 2106823920A3C59F00E18DB1 /* RegisterPatternDemoTests.xctest */;
			productType = "com.apple.product-type.bundle.unit-test";
		};
		2106824320A3C59F00E18DB1 /* RegisterPatternDemoUITests */ = {
			isa = PBXNativeTarget;
			buildConfigurationList = 2106825320A3C59F00E18DB1 /* Build configuration list for PBXNativeTarget "RegisterPatternDemoUITests" */;
			buildPhases = (
				F1E5ECDC6EE1D811C6DC9B1A /* [CP] Check Pods Manifest.lock */,
				2106824020A3C59F00E18DB1 /* Sources */,
				2106824120A3C59F00E18DB1 /* Frameworks */,
				2106824220A3C59F00E18DB1 /* Resources */,
				0D9D8E69342C0271212E70BA /* [CP] Embed Pods Frameworks */,
				B337D0EB49D6052016CD81A0 /* [CP] Copy Pods Resources */,
			);
			buildRules = (
			);
			dependencies = (
				2106824620A3C59F00E18DB1 /* PBXTargetDependency */,
			);
			name = RegisterPatternDemoUITests;
			productName = RegisterPatternDemoUITests;
			productReference = 2106824420A3C59F00E18DB1 /* RegisterPatternDemoUITests.xctest */;
			productType = "com.apple.product-type.bundle.ui-testing";
		};
/* End PBXNativeTarget section */

/* Begin PBXProject section */
		2106821D20A3C59E00E18DB1 /* Project object */ = {
			isa = PBXProject;
			attributes = {
				LastSwiftUpdateCheck = 0930;
				LastUpgradeCheck = 0930;
				ORGANIZATIONNAME = com.hienquangtran.registerpattern;
				TargetAttributes = {
					2106822420A3C59E00E18DB1 = {
						CreatedOnToolsVersion = 9.3;
					};
					2106823820A3C59F00E18DB1 = {
						CreatedOnToolsVersion = 9.3;
						TestTargetID = 2106822420A3C59E00E18DB1;
					};
					2106824320A3C59F00E18DB1 = {
						CreatedOnToolsVersion = 9.3;
						TestTargetID = 2106822420A3C59E00E18DB1;
					};
				};
			};
			buildConfigurationList = 2106822020A3C59E00E18DB1 /* Build configuration list for PBXProject "RegisterPatternDemo" */;
			compatibilityVersion = "Xcode 9.3";
			developmentRegion = en;
			hasScannedForEncodings = 0;
			knownRegions = (
				en,
				Base,
			);
			mainGroup = 2106821C20A3C59E00E18DB1;
			productRefGroup = 2106822620A3C59E00E18DB1 /* Products */;
			projectDirPath = "";
			projectRoot = "";
			targets = (
				2106822420A3C59E00E18DB1 /* RegisterPatternDemo */,
				2106823820A3C59F00E18DB1 /* RegisterPatternDemoTests */,
				2106824320A3C59F00E18DB1 /* RegisterPatternDemoUITests */,
			);
		};
/* End PBXProject section */

/* Begin PBXResourcesBuildPhase section */
		2106822320A3C59E00E18DB1 /* Resources */ = {
			isa = PBXResourcesBuildPhase;
			buildActionMask = 2147483647;
			files = (
				2106823320A3C59F00E18DB1 /* LaunchScreen.storyboard in Resources */,
				2106825B20A3CA5C00E18DB1 /* stub1.json in Resources */,
				2106823020A3C59F00E18DB1 /* Assets.xcassets in Resources */,
				2106822E20A3C59E00E18DB1 /* Main.storyboard in Resources */,
			);
			runOnlyForDeploymentPostprocessing = 0;
		};
		2106823720A3C59F00E18DB1 /* Resources */ = {
			isa = PBXResourcesBuildPhase;
			buildActionMask = 2147483647;
			files = (
				2106825C20A3CA5C00E18DB1 /* stub1.json in Resources */,
			);
			runOnlyForDeploymentPostprocessing = 0;
		};
		2106824220A3C59F00E18DB1 /* Resources */ = {
			isa = PBXResourcesBuildPhase;
			buildActionMask = 2147483647;
			files = (
			);
			runOnlyForDeploymentPostprocessing = 0;
		};
/* End PBXResourcesBuildPhase section */

/* Begin PBXShellScriptBuildPhase section */
		00F01A09F0AB921993DCC195 /* [CP] Embed Pods Frameworks */ = {
			isa = PBXShellScriptBuildPhase;
			buildActionMask = 2147483647;
			files = (
			);
			inputFileListPaths = (
			);
			inputPaths = (
			);
			name = "[CP] Embed Pods Frameworks";
			outputFileListPaths = (
			);
			outputPaths = (
			);
			runOnlyForDeploymentPostprocessing = 0;
			shellPath = /bin/sh;
			shellScript = "\"${SRCROOT}/Pods/Target Support Files/Pods-RegisterPatternDemo/Pods-RegisterPatternDemo-frameworks.sh\"\n";
			showEnvVarsInLog = 0;
		};
		086AAB7E9E147835105DE4F5 /* [CP] Copy Pods Resources */ = {
			isa = PBXShellScriptBuildPhase;
			buildActionMask = 2147483647;
			files = (
			);
			inputFileListPaths = (
			);
			inputPaths = (
			);
			name = "[CP] Copy Pods Resources";
			outputFileListPaths = (
			);
			outputPaths = (
			);
			runOnlyForDeploymentPostprocessing = 0;
			shellPath = /bin/sh;
			shellScript = "\"${SRCROOT}/Pods/Target Support Files/Pods-RegisterPatternDemo/Pods-RegisterPatternDemo-resources.sh\"\n";
			showEnvVarsInLog = 0;
		};
		0D9D8E69342C0271212E70BA /* [CP] Embed Pods Frameworks */ = {
			isa = PBXShellScriptBuildPhase;
			buildActionMask = 2147483647;
			files = (
			);
			inputFileListPaths = (
			);
			inputPaths = (
			);
			name = "[CP] Embed Pods Frameworks";
			outputFileListPaths = (
			);
			outputPaths = (
			);
			runOnlyForDeploymentPostprocessing = 0;
			shellPath = /bin/sh;
			shellScript = "\"${SRCROOT}/Pods/Target Support Files/Pods-RegisterPatternDemoUITests/Pods-RegisterPatternDemoUITests-frameworks.sh\"\n";
			showEnvVarsInLog = 0;
		};
		3846093AFDFC663951552765 /* [CP] Check Pods Manifest.lock */ = {
			isa = PBXShellScriptBuildPhase;
			buildActionMask = 2147483647;
			files = (
			);
			inputFileListPaths = (
			);
			inputPaths = (
				"${PODS_PODFILE_DIR_PATH}/Podfile.lock",
				"${PODS_ROOT}/Manifest.lock",
			);
			name = "[CP] Check Pods Manifest.lock";
			outputFileListPaths = (
			);
			outputPaths = (
				"$(DERIVED_FILE_DIR)/Pods-RegisterPatternDemoTests-checkManifestLockResult.txt",
			);
			runOnlyForDeploymentPostprocessing = 0;
			shellPath = /bin/sh;
			shellScript = "diff \"${PODS_PODFILE_DIR_PATH}/Podfile.lock\" \"${PODS_ROOT}/Manifest.lock\" > /dev/null\nif [ $? != 0 ] ; then\n    # print error to STDERR\n    echo \"error: The sandbox is not in sync with the Podfile.lock. Run 'pod install' or update your CocoaPods installation.\" >&2\n    exit 1\nfi\n# This output is used by Xcode 'outputs' to avoid re-running this script phase.\necho \"SUCCESS\" > \"${SCRIPT_OUTPUT_FILE_0}\"\n";
			showEnvVarsInLog = 0;
		};
		654AA758C7CE18A4D3FA6972 /* [CP] Embed Pods Frameworks */ = {
			isa = PBXShellScriptBuildPhase;
			buildActionMask = 2147483647;
			files = (
			);
			inputFileListPaths = (
			);
			inputPaths = (
			);
			name = "[CP] Embed Pods Frameworks";
			outputFileListPaths = (
			);
			outputPaths = (
			);
			runOnlyForDeploymentPostprocessing = 0;
			shellPath = /bin/sh;
			shellScript = "\"${SRCROOT}/Pods/Target Support Files/Pods-RegisterPatternDemoTests/Pods-RegisterPatternDemoTests-frameworks.sh\"\n";
			showEnvVarsInLog = 0;
		};
		B337D0EB49D6052016CD81A0 /* [CP] Copy Pods Resources */ = {
			isa = PBXShellScriptBuildPhase;
			buildActionMask = 2147483647;
			files = (
			);
			inputFileListPaths = (
			);
			inputPaths = (
			);
			name = "[CP] Copy Pods Resources";
			outputFileListPaths = (
			);
			outputPaths = (
			);
			runOnlyForDeploymentPostprocessing = 0;
			shellPath = /bin/sh;
			shellScript = "\"${SRCROOT}/Pods/Target Support Files/Pods-RegisterPatternDemoUITests/Pods-RegisterPatternDemoUITests-resources.sh\"\n";
			showEnvVarsInLog = 0;
		};
		DB0F68AAAB96E978A24C4FDA /* [CP] Copy Pods Resources */ = {
			isa = PBXShellScriptBuildPhase;
			buildActionMask = 2147483647;
			files = (
			);
			inputFileListPaths = (
			);
			inputPaths = (
			);
			name = "[CP] Copy Pods Resources";
			outputFileListPaths = (
			);
			outputPaths = (
			);
			runOnlyForDeploymentPostprocessing = 0;
			shellPath = /bin/sh;
			shellScript = "\"${SRCROOT}/Pods/Target Support Files/Pods-RegisterPatternDemoTests/Pods-RegisterPatternDemoTests-resources.sh\"\n";
			showEnvVarsInLog = 0;
		};
		F1E5ECDC6EE1D811C6DC9B1A /* [CP] Check Pods Manifest.lock */ = {
			isa = PBXShellScriptBuildPhase;
			buildActionMask = 2147483647;
			files = (
			);
			inputFileListPaths = (
			);
			inputPaths = (
				"${PODS_PODFILE_DIR_PATH}/Podfile.lock",
				"${PODS_ROOT}/Manifest.lock",
			);
			name = "[CP] Check Pods Manifest.lock";
			outputFileListPaths = (
			);
			outputPaths = (
				"$(DERIVED_FILE_DIR)/Pods-RegisterPatternDemoUITests-checkManifestLockResult.txt",
			);
			runOnlyForDeploymentPostprocessing = 0;
			shellPath = /bin/sh;
			shellScript = "diff \"${PODS_PODFILE_DIR_PATH}/Podfile.lock\" \"${PODS_ROOT}/Manifest.lock\" > /dev/null\nif [ $? != 0 ] ; then\n    # print error to STDERR\n    echo \"error: The sandbox is not in sync with the Podfile.lock. Run 'pod install' or update your CocoaPods installation.\" >&2\n    exit 1\nfi\n# This output is used by Xcode 'outputs' to avoid re-running this script phase.\necho \"SUCCESS\" > \"${SCRIPT_OUTPUT_FILE_0}\"\n";
			showEnvVarsInLog = 0;
		};
		F92F1AF30FB742C2874232C5 /* [CP] Check Pods Manifest.lock */ = {
			isa = PBXShellScriptBuildPhase;
			buildActionMask = 2147483647;
			files = (
			);
			inputFileListPaths = (
			);
			inputPaths = (
				"${PODS_PODFILE_DIR_PATH}/Podfile.lock",
				"${PODS_ROOT}/Manifest.lock",
			);
			name = "[CP] Check Pods Manifest.lock";
			outputFileListPaths = (
			);
			outputPaths = (
				"$(DERIVED_FILE_DIR)/Pods-RegisterPatternDemo-checkManifestLockResult.txt",
			);
			runOnlyForDeploymentPostprocessing = 0;
			shellPath = /bin/sh;
			shellScript = "diff \"${PODS_PODFILE_DIR_PATH}/Podfile.lock\" \"${PODS_ROOT}/Manifest.lock\" > /dev/null\nif [ $? != 0 ] ; then\n    # print error to STDERR\n    echo \"error: The sandbox is not in sync with the Podfile.lock. Run 'pod install' or update your CocoaPods installation.\" >&2\n    exit 1\nfi\n# This output is used by Xcode 'outputs' to avoid re-running this script phase.\necho \"SUCCESS\" > \"${SCRIPT_OUTPUT_FILE_0}\"\n";
			showEnvVarsInLog = 0;
		};
/* End PBXShellScriptBuildPhase section */

/* Begin PBXSourcesBuildPhase section */
		2106822120A3C59E00E18DB1 /* Sources */ = {
			isa = PBXSourcesBuildPhase;
			buildActionMask = 2147483647;
			files = (
				2106826A20A3CFA600E18DB1 /* Article.swift in Sources */,
				21E5195820A8F81D003D3659 /* UIColor+HexInit.swift in Sources */,
				21E5195320A8E766003D3659 /* ParserManager.swift in Sources */,
				2106827620A3D0D600E18DB1 /* ColorBlock.swift in Sources */,
				2106826120A3CC7A00E18DB1 /* ArticleCell.swift in Sources */,
				2106826720A3CE9B00E18DB1 /* ColorBlockCell.swift in Sources */,
				2106827D20A3D1D800E18DB1 /* Ultils.swift in Sources */,
				2106828320A50C1700E18DB1 /* MainViewModel.swift in Sources */,
				2106825E20A3CC4300E18DB1 /* UITableView+Extensions.swift in Sources */,
				2106822920A3C59E00E18DB1 /* AppDelegate.swift in Sources */,
				2106827320A3D07800E18DB1 /* Image.swift in Sources */,
				2106827020A3D04C00E18DB1 /* Parsable.swift in Sources */,
				2106825720A3C67000E18DB1 /* MainViewController.swift in Sources */,
				2106826D20A3CFD400E18DB1 /* TypeAlias.swift in Sources */,
				2106826420A3CDC500E18DB1 /* ImageCell.swift in Sources */,
			);
			runOnlyForDeploymentPostprocessing = 0;
		};
		2106823520A3C59F00E18DB1 /* Sources */ = {
			isa = PBXSourcesBuildPhase;
			buildActionMask = 2147483647;
			files = (
				2106823E20A3C59F00E18DB1 /* RegisterPatternDemoTests.swift in Sources */,
				2106827720A3D0D600E18DB1 /* ColorBlock.swift in Sources */,
				2106826520A3CDC500E18DB1 /* ImageCell.swift in Sources */,
				2106826E20A3CFD400E18DB1 /* TypeAlias.swift in Sources */,
				2106827120A3D04C00E18DB1 /* Parsable.swift in Sources */,
				2106826B20A3CFA600E18DB1 /* Article.swift in Sources */,
				21E5195620A8F5E7003D3659 /* ParserManager.swift in Sources */,
				2106825F20A3CC4300E18DB1 /* UITableView+Extensions.swift in Sources */,
				2106827E20A3D1D800E18DB1 /* Ultils.swift in Sources */,
				2106826820A3CE9B00E18DB1 /* ColorBlockCell.swift in Sources */,
				2106827420A3D07800E18DB1 /* Image.swift in Sources */,
				2106826220A3CC7A00E18DB1 /* ArticleCell.swift in Sources */,
				2106828420A50C1700E18DB1 /* MainViewModel.swift in Sources */,
			);
			runOnlyForDeploymentPostprocessing = 0;
		};
		2106824020A3C59F00E18DB1 /* Sources */ = {
			isa = PBXSourcesBuildPhase;
			buildActionMask = 2147483647;
			files = (
				2106824920A3C59F00E18DB1 /* RegisterPatternDemoUITests.swift in Sources */,
			);
			runOnlyForDeploymentPostprocessing = 0;
		};
/* End PBXSourcesBuildPhase section */

/* Begin PBXTargetDependency section */
		2106823B20A3C59F00E18DB1 /* PBXTargetDependency */ = {
			isa = PBXTargetDependency;
			target = 2106822420A3C59E00E18DB1 /* RegisterPatternDemo */;
			targetProxy = 2106823A20A3C59F00E18DB1 /* PBXContainerItemProxy */;
		};
		2106824620A3C59F00E18DB1 /* PBXTargetDependency */ = {
			isa = PBXTargetDependency;
			target = 2106822420A3C59E00E18DB1 /* RegisterPatternDemo */;
			targetProxy = 2106824520A3C59F00E18DB1 /* PBXContainerItemProxy */;
		};
/* End PBXTargetDependency section */

/* Begin PBXVariantGroup section */
		2106822C20A3C59E00E18DB1 /* Main.storyboard */ = {
			isa = PBXVariantGroup;
			children = (
				2106822D20A3C59E00E18DB1 /* Base */,
			);
			name = Main.storyboard;
			sourceTree = "<group>";
		};
		2106823120A3C59F00E18DB1 /* LaunchScreen.storyboard */ = {
			isa = PBXVariantGroup;
			children = (
				2106823220A3C59F00E18DB1 /* Base */,
			);
			name = LaunchScreen.storyboard;
			sourceTree = "<group>";
		};
/* End PBXVariantGroup section */

/* Begin XCBuildConfiguration section */
		2106824B20A3C59F00E18DB1 /* Debug */ = {
			isa = XCBuildConfiguration;
			buildSettings = {
				ALWAYS_SEARCH_USER_PATHS = NO;
				CLANG_ANALYZER_NONNULL = YES;
				CLANG_ANALYZER_NUMBER_OBJECT_CONVERSION = YES_AGGRESSIVE;
				CLANG_CXX_LANGUAGE_STANDARD = "gnu++14";
				CLANG_CXX_LIBRARY = "libc++";
				CLANG_ENABLE_MODULES = YES;
				CLANG_ENABLE_OBJC_ARC = YES;
				CLANG_ENABLE_OBJC_WEAK = YES;
				CLANG_WARN_BLOCK_CAPTURE_AUTORELEASING = YES;
				CLANG_WARN_BOOL_CONVERSION = YES;
				CLANG_WARN_COMMA = YES;
				CLANG_WARN_CONSTANT_CONVERSION = YES;
				CLANG_WARN_DEPRECATED_OBJC_IMPLEMENTATIONS = YES;
				CLANG_WARN_DIRECT_OBJC_ISA_USAGE = YES_ERROR;
				CLANG_WARN_DOCUMENTATION_COMMENTS = YES;
				CLANG_WARN_EMPTY_BODY = YES;
				CLANG_WARN_ENUM_CONVERSION = YES;
				CLANG_WARN_INFINITE_RECURSION = YES;
				CLANG_WARN_INT_CONVERSION = YES;
				CLANG_WARN_NON_LITERAL_NULL_CONVERSION = YES;
				CLANG_WARN_OBJC_IMPLICIT_RETAIN_SELF = YES;
				CLANG_WARN_OBJC_LITERAL_CONVERSION = YES;
				CLANG_WARN_OBJC_ROOT_CLASS = YES_ERROR;
				CLANG_WARN_RANGE_LOOP_ANALYSIS = YES;
				CLANG_WARN_STRICT_PROTOTYPES = YES;
				CLANG_WARN_SUSPICIOUS_MOVE = YES;
				CLANG_WARN_UNGUARDED_AVAILABILITY = YES_AGGRESSIVE;
				CLANG_WARN_UNREACHABLE_CODE = YES;
				CLANG_WARN__DUPLICATE_METHOD_MATCH = YES;
				CODE_SIGN_IDENTITY = "iPhone Developer";
				COPY_PHASE_STRIP = NO;
				DEBUG_INFORMATION_FORMAT = dwarf;
				ENABLE_STRICT_OBJC_MSGSEND = YES;
				ENABLE_TESTABILITY = YES;
				GCC_C_LANGUAGE_STANDARD = gnu11;
				GCC_DYNAMIC_NO_PIC = NO;
				GCC_NO_COMMON_BLOCKS = YES;
				GCC_OPTIMIZATION_LEVEL = 0;
				GCC_PREPROCESSOR_DEFINITIONS = (
					"DEBUG=1",
					"$(inherited)",
				);
				GCC_WARN_64_TO_32_BIT_CONVERSION = YES;
				GCC_WARN_ABOUT_RETURN_TYPE = YES_ERROR;
				GCC_WARN_UNDECLARED_SELECTOR = YES;
				GCC_WARN_UNINITIALIZED_AUTOS = YES_AGGRESSIVE;
				GCC_WARN_UNUSED_FUNCTION = YES;
				GCC_WARN_UNUSED_VARIABLE = YES;
				IPHONEOS_DEPLOYMENT_TARGET = 11.3;
				MTL_ENABLE_DEBUG_INFO = YES;
				ONLY_ACTIVE_ARCH = YES;
				SDKROOT = iphoneos;
				SWIFT_ACTIVE_COMPILATION_CONDITIONS = DEBUG;
				SWIFT_OPTIMIZATION_LEVEL = "-Onone";
			};
			name = Debug;
		};
		2106824C20A3C59F00E18DB1 /* Release */ = {
			isa = XCBuildConfiguration;
			buildSettings = {
				ALWAYS_SEARCH_USER_PATHS = NO;
				CLANG_ANALYZER_NONNULL = YES;
				CLANG_ANALYZER_NUMBER_OBJECT_CONVERSION = YES_AGGRESSIVE;
				CLANG_CXX_LANGUAGE_STANDARD = "gnu++14";
				CLANG_CXX_LIBRARY = "libc++";
				CLANG_ENABLE_MODULES = YES;
				CLANG_ENABLE_OBJC_ARC = YES;
				CLANG_ENABLE_OBJC_WEAK = YES;
				CLANG_WARN_BLOCK_CAPTURE_AUTORELEASING = YES;
				CLANG_WARN_BOOL_CONVERSION = YES;
				CLANG_WARN_COMMA = YES;
				CLANG_WARN_CONSTANT_CONVERSION = YES;
				CLANG_WARN_DEPRECATED_OBJC_IMPLEMENTATIONS = YES;
				CLANG_WARN_DIRECT_OBJC_ISA_USAGE = YES_ERROR;
				CLANG_WARN_DOCUMENTATION_COMMENTS = YES;
				CLANG_WARN_EMPTY_BODY = YES;
				CLANG_WARN_ENUM_CONVERSION = YES;
				CLANG_WARN_INFINITE_RECURSION = YES;
				CLANG_WARN_INT_CONVERSION = YES;
				CLANG_WARN_NON_LITERAL_NULL_CONVERSION = YES;
				CLANG_WARN_OBJC_IMPLICIT_RETAIN_SELF = YES;
				CLANG_WARN_OBJC_LITERAL_CONVERSION = YES;
				CLANG_WARN_OBJC_ROOT_CLASS = YES_ERROR;
				CLANG_WARN_RANGE_LOOP_ANALYSIS = YES;
				CLANG_WARN_STRICT_PROTOTYPES = YES;
				CLANG_WARN_SUSPICIOUS_MOVE = YES;
				CLANG_WARN_UNGUARDED_AVAILABILITY = YES_AGGRESSIVE;
				CLANG_WARN_UNREACHABLE_CODE = YES;
				CLANG_WARN__DUPLICATE_METHOD_MATCH = YES;
				CODE_SIGN_IDENTITY = "iPhone Developer";
				COPY_PHASE_STRIP = NO;
				DEBUG_INFORMATION_FORMAT = "dwarf-with-dsym";
				ENABLE_NS_ASSERTIONS = NO;
				ENABLE_STRICT_OBJC_MSGSEND = YES;
				GCC_C_LANGUAGE_STANDARD = gnu11;
				GCC_NO_COMMON_BLOCKS = YES;
				GCC_WARN_64_TO_32_BIT_CONVERSION = YES;
				GCC_WARN_ABOUT_RETURN_TYPE = YES_ERROR;
				GCC_WARN_UNDECLARED_SELECTOR = YES;
				GCC_WARN_UNINITIALIZED_AUTOS = YES_AGGRESSIVE;
				GCC_WARN_UNUSED_FUNCTION = YES;
				GCC_WARN_UNUSED_VARIABLE = YES;
				IPHONEOS_DEPLOYMENT_TARGET = 11.3;
				MTL_ENABLE_DEBUG_INFO = NO;
				SDKROOT = iphoneos;
				SWIFT_COMPILATION_MODE = wholemodule;
				SWIFT_OPTIMIZATION_LEVEL = "-O";
				VALIDATE_PRODUCT = YES;
			};
			name = Release;
		};
		2106824E20A3C59F00E18DB1 /* Debug */ = {
			isa = XCBuildConfiguration;
			baseConfigurationReference = DAA0559A6765DB333E31C134 /* Pods-RegisterPatternDemo.debug.xcconfig */;
			buildSettings = {
				ASSETCATALOG_COMPILER_APPICON_NAME = AppIcon;
				CODE_SIGN_STYLE = Automatic;
				DEVELOPMENT_TEAM = PZ96SBWHN3;
				INFOPLIST_FILE = RegisterPatternDemo/Info.plist;
				LD_RUNPATH_SEARCH_PATHS = (
					"$(inherited)",
					"@executable_path/Frameworks",
				);
				PRODUCT_BUNDLE_IDENTIFIER = com.hienquangtran.registerpattern.RegisterPatternDemo;
				PRODUCT_NAME = "$(TARGET_NAME)";
				SWIFT_VERSION = 4.0;
				TARGETED_DEVICE_FAMILY = "1,2";
			};
			name = Debug;
		};
		2106824F20A3C59F00E18DB1 /* Release */ = {
			isa = XCBuildConfiguration;
			baseConfigurationReference = C9538709951B835B48F1E5CC /* Pods-RegisterPatternDemo.release.xcconfig */;
			buildSettings = {
				ASSETCATALOG_COMPILER_APPICON_NAME = AppIcon;
				CODE_SIGN_STYLE = Automatic;
				DEVELOPMENT_TEAM = PZ96SBWHN3;
				INFOPLIST_FILE = RegisterPatternDemo/Info.plist;
				LD_RUNPATH_SEARCH_PATHS = (
					"$(inherited)",
					"@executable_path/Frameworks",
				);
				PRODUCT_BUNDLE_IDENTIFIER = com.hienquangtran.registerpattern.RegisterPatternDemo;
				PRODUCT_NAME = "$(TARGET_NAME)";
				SWIFT_VERSION = 4.0;
				TARGETED_DEVICE_FAMILY = "1,2";
			};
			name = Release;
		};
		2106825120A3C59F00E18DB1 /* Debug */ = {
			isa = XCBuildConfiguration;
			baseConfigurationReference = ED56084ED28A3C9F1513FB59 /* Pods-RegisterPatternDemoTests.debug.xcconfig */;
			buildSettings = {
				ALWAYS_EMBED_SWIFT_STANDARD_LIBRARIES = YES;
				BUNDLE_LOADER = "$(TEST_HOST)";
				CODE_SIGN_STYLE = Automatic;
				DEVELOPMENT_TEAM = PZ96SBWHN3;
				INFOPLIST_FILE = RegisterPatternDemoTests/Info.plist;
				LD_RUNPATH_SEARCH_PATHS = (
					"$(inherited)",
					"@executable_path/Frameworks",
					"@loader_path/Frameworks",
				);
				PRODUCT_BUNDLE_IDENTIFIER = com.hienquangtran.registerpattern.RegisterPatternDemoTests;
				PRODUCT_NAME = "$(TARGET_NAME)";
				SWIFT_VERSION = 4.0;
				TARGETED_DEVICE_FAMILY = "1,2";
				TEST_HOST = "$(BUILT_PRODUCTS_DIR)/RegisterPatternDemo.app/RegisterPatternDemo";
			};
			name = Debug;
		};
		2106825220A3C59F00E18DB1 /* Release */ = {
			isa = XCBuildConfiguration;
			baseConfigurationReference = 40BEF5CED8B73E2F3688ECEC /* Pods-RegisterPatternDemoTests.release.xcconfig */;
			buildSettings = {
				ALWAYS_EMBED_SWIFT_STANDARD_LIBRARIES = YES;
				BUNDLE_LOADER = "$(TEST_HOST)";
				CODE_SIGN_STYLE = Automatic;
				DEVELOPMENT_TEAM = PZ96SBWHN3;
				INFOPLIST_FILE = RegisterPatternDemoTests/Info.plist;
				LD_RUNPATH_SEARCH_PATHS = (
					"$(inherited)",
					"@executable_path/Frameworks",
					"@loader_path/Frameworks",
				);
				PRODUCT_BUNDLE_IDENTIFIER = com.hienquangtran.registerpattern.RegisterPatternDemoTests;
				PRODUCT_NAME = "$(TARGET_NAME)";
				SWIFT_VERSION = 4.0;
				TARGETED_DEVICE_FAMILY = "1,2";
				TEST_HOST = "$(BUILT_PRODUCTS_DIR)/RegisterPatternDemo.app/RegisterPatternDemo";
			};
			name = Release;
		};
		2106825420A3C59F00E18DB1 /* Debug */ = {
			isa = XCBuildConfiguration;
			baseConfigurationReference = 8AD040D1D06F073CCB2222B7 /* Pods-RegisterPatternDemoUITests.debug.xcconfig */;
			buildSettings = {
				ALWAYS_EMBED_SWIFT_STANDARD_LIBRARIES = YES;
				CODE_SIGN_STYLE = Automatic;
				DEVELOPMENT_TEAM = PZ96SBWHN3;
				INFOPLIST_FILE = RegisterPatternDemoUITests/Info.plist;
				LD_RUNPATH_SEARCH_PATHS = (
					"$(inherited)",
					"@executable_path/Frameworks",
					"@loader_path/Frameworks",
				);
				PRODUCT_BUNDLE_IDENTIFIER = com.hienquangtran.registerpattern.RegisterPatternDemoUITests;
				PRODUCT_NAME = "$(TARGET_NAME)";
				SWIFT_VERSION = 4.0;
				TARGETED_DEVICE_FAMILY = "1,2";
				TEST_TARGET_NAME = RegisterPatternDemo;
			};
			name = Debug;
		};
		2106825520A3C59F00E18DB1 /* Release */ = {
			isa = XCBuildConfiguration;
			baseConfigurationReference = E083FE576318836D87FCABC8 /* Pods-RegisterPatternDemoUITests.release.xcconfig */;
			buildSettings = {
				ALWAYS_EMBED_SWIFT_STANDARD_LIBRARIES = YES;
				CODE_SIGN_STYLE = Automatic;
				DEVELOPMENT_TEAM = PZ96SBWHN3;
				INFOPLIST_FILE = RegisterPatternDemoUITests/Info.plist;
				LD_RUNPATH_SEARCH_PATHS = (
					"$(inherited)",
					"@executable_path/Frameworks",
					"@loader_path/Frameworks",
				);
				PRODUCT_BUNDLE_IDENTIFIER = com.hienquangtran.registerpattern.RegisterPatternDemoUITests;
				PRODUCT_NAME = "$(TARGET_NAME)";
				SWIFT_VERSION = 4.0;
				TARGETED_DEVICE_FAMILY = "1,2";
				TEST_TARGET_NAME = RegisterPatternDemo;
			};
			name = Release;
		};
/* End XCBuildConfiguration section */

/* Begin XCConfigurationList section */
		2106822020A3C59E00E18DB1 /* Build configuration list for PBXProject "RegisterPatternDemo" */ = {
			isa = XCConfigurationList;
			buildConfigurations = (
				2106824B20A3C59F00E18DB1 /* Debug */,
				2106824C20A3C59F00E18DB1 /* Release */,
			);
			defaultConfigurationIsVisible = 0;
			defaultConfigurationName = Release;
		};
		2106824D20A3C59F00E18DB1 /* Build configuration list for PBXNativeTarget "RegisterPatternDemo" */ = {
			isa = XCConfigurationList;
			buildConfigurations = (
				2106824E20A3C59F00E18DB1 /* Debug */,
				2106824F20A3C59F00E18DB1 /* Release */,
			);
			defaultConfigurationIsVisible = 0;
			defaultConfigurationName = Release;
		};
		2106825020A3C59F00E18DB1 /* Build configuration list for PBXNativeTarget "RegisterPatternDemoTests" */ = {
			isa = XCConfigurationList;
			buildConfigurations = (
				2106825120A3C59F00E18DB1 /* Debug */,
				2106825220A3C59F00E18DB1 /* Release */,
			);
			defaultConfigurationIsVisible = 0;
			defaultConfigurationName = Release;
		};
		2106825320A3C59F00E18DB1 /* Build configuration list for PBXNativeTarget "RegisterPatternDemoUITests" */ = {
			isa = XCConfigurationList;
			buildConfigurations = (
				2106825420A3C59F00E18DB1 /* Debug */,
				2106825520A3C59F00E18DB1 /* Release */,
			);
			defaultConfigurationIsVisible = 0;
			defaultConfigurationName = Release;
		};
/* End XCConfigurationList section */
	};
	rootObject = 2106821D20A3C59E00E18DB1 /* Project object */;
}
